
Microsoft Visual Studio Solution File, Format Version 12.00
# Visual Studio Version 17
VisualStudioVersion = 17.3.32922.545
MinimumVisualStudioVersion = 10.0.40219.1
Project("{FAE04EC0-301F-11D3-BF4B-00C04F79EFBC}") = "AbdulMalikApp", "AbdulMalikApp\AbdulMalikApp.csproj", "{0E75A04E-EF1C-4743-9953-E3D3C05E2EDA}"
EndProject
Global
	GlobalSection(SolutionConfigurationPlatforms) = preSolution
		Debug|Any CPU = Debug|Any CPU
		Release|Any CPU = Release|Any CPU
	EndGlobalSection
	GlobalSection(ProjectConfigurationPlatforms) = postSolution
		{0E75A04E-EF1C-4743-9953-E3D3C05E2EDA}.Debug|Any CPU.ActiveCfg = Debug|Any CPU
		{0E75A04E-EF1C-4743-9953-E3D3C05E2EDA}.Debug|Any CPU.Build.0 = Debug|Any CPU
		{0E75A04E-EF1C-4743-9953-E3D3C05E2EDA}.Release|Any CPU.ActiveCfg = Release|Any CPU
		{0E75A04E-EF1C-4743-9953-E3D3C05E2EDA}.Release|Any CPU.Build.0 = Release|Any CPU
	EndGlobalSection
	GlobalSection(SolutionProperties) = preSolution
		HideSolutionNode = FALSE
	EndGlobalSection
	GlobalSection(ExtensibilityGlobals) = postSolution
		SolutionGuid = {ECFDF070-A12E-4397-998F-67825FBD3D3B}
	EndGlobalSection
EndGlobal
